
Microsoft Visual Studio Solution File, Format Version 12.00
# Visual Studio 15
VisualStudioVersion = 15.0.27703.2042
MinimumVisualStudioVersion = 10.0.40219.1
Project("{9A19103F-16F7-4668-BE54-9A1E7A4F7556}") = "BalancingBinaryTree", "Source\BalancingBinaryTree.csproj", "{10D94E51-09D9-4B55-8994-B38F6F6B9DDC}"
EndProject
Project("{9A19103F-16F7-4668-BE54-9A1E7A4F7556}") = "BinaryTree.Tests", "Tests\BinaryTree.Tests.csproj", "{9B71011B-AD35-4210-84E9-EFBFD0162184}"
EndProject
Global
	GlobalSection(SolutionConfigurationPlatforms) = preSolution
		Debug|Any CPU = Debug|Any CPU
		Release|Any CPU = Release|Any CPU
	EndGlobalSection
	GlobalSection(ProjectConfigurationPlatforms) = postSolution
		{10D94E51-09D9-4B55-8994-B38F6F6B9DDC}.Debug|Any CPU.ActiveCfg = Debug|Any CPU
		{10D94E51-09D9-4B55-8994-B38F6F6B9DDC}.Debug|Any CPU.Build.0 = Debug|Any CPU
		{10D94E51-09D9-4B55-8994-B38F6F6B9DDC}.Release|Any CPU.ActiveCfg = Release|Any CPU
		{10D94E51-09D9-4B55-8994-B38F6F6B9DDC}.Release|Any CPU.Build.0 = Release|Any CPU
		{9B71011B-AD35-4210-84E9-EFBFD0162184}.Debug|Any CPU.ActiveCfg = Debug|Any CPU
		{9B71011B-AD35-4210-84E9-EFBFD0162184}.Debug|Any CPU.Build.0 = Debug|Any CPU
		{9B71011B-AD35-4210-84E9-EFBFD0162184}.Release|Any CPU.ActiveCfg = Release|Any CPU
		{9B71011B-AD35-4210-84E9-EFBFD0162184}.Release|Any CPU.Build.0 = Release|Any CPU
	EndGlobalSection
	GlobalSection(SolutionProperties) = preSolution
		HideSolutionNode = FALSE
	EndGlobalSection
	GlobalSection(ExtensibilityGlobals) = postSolution
		SolutionGuid = {08CA3F46-6947-4F6A-954D-59BA6E04FD54}
	EndGlobalSection
EndGlobal
